{
  "lockfileVersion": 1,
  "workspaces": {
    "": {
      "name": "unifi-flows",
      "dependencies": {
        "dotenv": "^16.4.1",
        "playwright": "^1.40.0",
      },
    },
  },
  "packages": {
    "dotenv": ["dotenv@16.5.0", "", {}, "sha512-m/C+AwOAr9/W1UOIZUo232ejMNnJAJtYQjUbHoNTBNTJSvqzzDh7vnrei3o3r3m9blf6ZoDkvcw0VmozNRFJxg=="],

    "fsevents": ["fsevents@2.3.2", "", { "os": "darwin" }, "sha512-xiqMQR4xAeHTuB9uWm+fFRcIOgKBMiOBP+eXiyT7jsgVCq1bkVygt00oASowB7EdtpOHaaPgKt812P9ab+DDKA=="],

    "playwright": ["playwright@1.51.1", "", { "dependencies": { "playwright-core": "1.51.1" }, "optionalDependencies": { "fsevents": "2.3.2" }, "bin": "cli.js" }, "sha512-kkx+MB2KQRkyxjYPc3a0wLZZoDczmppyGJIvQ43l+aZihkaVvmu/21kiyaHeHjiFxjxNNFnUncKmcGIyOojsaw=="],

    "playwright-core": ["playwright-core@1.51.1", "", { "bin": "cli.js" }, "sha512-/crRMj8+j/Nq5s8QcvegseuyeZPxpQCZb6HNk3Sos3BlZyAknRjoyJPFWkpNn8v0+P3WiwqFF8P+zQo4eqiNuw=="],
  }
}
